
Microsoft Visual Studio Solution File, Format Version 12.00
# Visual Studio Version 17
VisualStudioVersion = 17.14.36705.20
MinimumVisualStudioVersion = 10.0.40219.1
Project("{FAE04EC0-301F-11D3-BF4B-00C04F79EFBC}") = "TimeZoneBebek", "TimeZoneBebek\TimeZoneBebek.csproj", "{F79BC4E7-A91A-4A3D-AB9F-AAB261B4B69F}"
EndProject
Global
	GlobalSection(SolutionConfigurationPlatforms) = preSolution
		Debug|Any CPU = Debug|Any CPU
		Release|Any CPU = Release|Any CPU
	EndGlobalSection
	GlobalSection(ProjectConfigurationPlatforms) = postSolution
		{F79BC4E7-A91A-4A3D-AB9F-AAB261B4B69F}.Debug|Any CPU.ActiveCfg = Debug|Any CPU
		{F79BC4E7-A91A-4A3D-AB9F-AAB261B4B69F}.Debug|Any CPU.Build.0 = Debug|Any CPU
		{F79BC4E7-A91A-4A3D-AB9F-AAB261B4B69F}.Release|Any CPU.ActiveCfg = Release|Any CPU
		{F79BC4E7-A91A-4A3D-AB9F-AAB261B4B69F}.Release|Any CPU.Build.0 = Release|Any CPU
	EndGlobalSection
	GlobalSection(SolutionProperties) = preSolution
		HideSolutionNode = FALSE
	EndGlobalSection
	GlobalSection(ExtensibilityGlobals) = postSolution
		SolutionGuid = {D8A65EA8-4932-484B-8932-A57476BC2426}
	EndGlobalSection
EndGlobal
